
Microsoft Visual Studio Solution File, Format Version 12.00
# Visual Studio Version 17
VisualStudioVersion = 17.4.33103.184
MinimumVisualStudioVersion = 10.0.40219.1
Project("{FAE04EC0-301F-11D3-BF4B-00C04F79EFBC}") = "Engine Final Project", "Engine Final Project\Engine Final Project.csproj", "{D89E272F-ED17-4110-8518-C7579538961B}"
EndProject
Global
	GlobalSection(SolutionConfigurationPlatforms) = preSolution
		Debug|Any CPU = Debug|Any CPU
		Release|Any CPU = Release|Any CPU
	EndGlobalSection
	GlobalSection(ProjectConfigurationPlatforms) = postSolution
		{D89E272F-ED17-4110-8518-C7579538961B}.Debug|Any CPU.ActiveCfg = Debug|Any CPU
		{D89E272F-ED17-4110-8518-C7579538961B}.Debug|Any CPU.Build.0 = Debug|Any CPU
		{D89E272F-ED17-4110-8518-C7579538961B}.Release|Any CPU.ActiveCfg = Release|Any CPU
		{D89E272F-ED17-4110-8518-C7579538961B}.Release|Any CPU.Build.0 = Release|Any CPU
	EndGlobalSection
	GlobalSection(SolutionProperties) = preSolution
		HideSolutionNode = FALSE
	EndGlobalSection
	GlobalSection(ExtensibilityGlobals) = postSolution
		SolutionGuid = {4168B993-A5E0-4752-AA38-E7198FCFB65E}
	EndGlobalSection
EndGlobal
